
Microsoft Visual Studio Solution File, Format Version 9.00
# Visual Studio 2005
Project("{FAE04EC0-301F-11D3-BF4B-00C04F79EFBC}") = "RSSReadTech", "RSSReadTech\RSSReadTech.csproj", "{5C8D343F-DD36-4FCB-8F10-CE86CECED0EF}"
EndProject
Project("{54435603-DBB4-11D2-8724-00A0C9A8B90C}") = "ReadRssSetup", "ReadRssSetup\ReadRssSetup.vdproj", "{D70FA2E7-6079-4D64-A8F1-9979935C12A7}"
EndProject
Global
	GlobalSection(SolutionConfigurationPlatforms) = preSolution
		Debug|Any CPU = Debug|Any CPU
		Release|Any CPU = Release|Any CPU
	EndGlobalSection
	GlobalSection(ProjectConfigurationPlatforms) = postSolution
		{5C8D343F-DD36-4FCB-8F10-CE86CECED0EF}.Debug|Any CPU.ActiveCfg = Debug|Any CPU
		{5C8D343F-DD36-4FCB-8F10-CE86CECED0EF}.Debug|Any CPU.Build.0 = Debug|Any CPU
		{5C8D343F-DD36-4FCB-8F10-CE86CECED0EF}.Release|Any CPU.ActiveCfg = Release|Any CPU
		{5C8D343F-DD36-4FCB-8F10-CE86CECED0EF}.Release|Any CPU.Build.0 = Release|Any CPU
		{D70FA2E7-6079-4D64-A8F1-9979935C12A7}.Debug|Any CPU.ActiveCfg = Debug
		{D70FA2E7-6079-4D64-A8F1-9979935C12A7}.Release|Any CPU.ActiveCfg = Release
	EndGlobalSection
	GlobalSection(SolutionProperties) = preSolution
		HideSolutionNode = FALSE
	EndGlobalSection
EndGlobal
